
Microsoft Visual Studio Solution File, Format Version 12.00
# Visual Studio 2012
# Clarion 2.1.0.2447
Project("{12B76EC0-1D7B-4FA7-A7D0-C524288B48A1}") = "GradientExample", "GradientExample.cwproj", "{397431CC-4172-481F-A262-96719C5BB465}"
EndProject
Global
	GlobalSection(SolutionConfigurationPlatforms) = preSolution
		Debug|Win32 = Debug|Win32
		Release|Win32 = Release|Win32
	EndGlobalSection
	GlobalSection(ProjectConfigurationPlatforms) = postSolution
		{397431CC-4172-481F-A262-96719C5BB465}.Debug|Win32.Build.0 = Debug|Win32
		{397431CC-4172-481F-A262-96719C5BB465}.Debug|Win32.ActiveCfg = Debug|Win32
		{397431CC-4172-481F-A262-96719C5BB465}.Release|Win32.Build.0 = Release|Win32
		{397431CC-4172-481F-A262-96719C5BB465}.Release|Win32.ActiveCfg = Release|Win32
	EndGlobalSection
EndGlobal
